
Microsoft Visual Studio Solution File, Format Version 12.00
# Visual Studio 2013
VisualStudioVersion = 12.0.30110.0
MinimumVisualStudioVersion = 10.0.40219.1
Project("{FAE04EC0-301F-11D3-BF4B-00C04F79EFBC}") = "RingtoneComposer.Test", "RingtoneComposer.Test\RingtoneComposer.Test.csproj", "{1F9D2BA9-2D3B-42C4-A71E-76DC769CBE81}"
EndProject
Project("{FAE04EC0-301F-11D3-BF4B-00C04F79EFBC}") = "RingtoneComposer.WinForm", "RingtoneComposer.WinForm\RingtoneComposer.WinForm.csproj", "{9F635F1F-83CB-4FEA-A9EF-822700E12E33}"
EndProject
Project("{FAE04EC0-301F-11D3-BF4B-00C04F79EFBC}") = "RingtoneComposer.Android", "RingtoneComposer.Android\RingtoneComposer.Android.csproj", "{9036EBB6-5325-4A46-880A-5C8C1460FBB8}"
EndProject
Project("{FAE04EC0-301F-11D3-BF4B-00C04F79EFBC}") = "RingtoneComposer.WindowsPhone", "RingtoneComposer.WindowsPhone\RingtoneComposer.WindowsPhone.csproj", "{661BACC6-CC94-47E1-99FB-2D89F8BB4258}"
EndProject
Project("{FAE04EC0-301F-11D3-BF4B-00C04F79EFBC}") = "RingtoneComposer.Core", "RingtoneComposer.Core\RingtoneComposer.Core.csproj", "{D900B394-D769-4B61-96A2-AFA982D9F153}"
EndProject
Project("{FAE04EC0-301F-11D3-BF4B-00C04F79EFBC}") = "RingtoneComposer.iPhone", "RingtoneComposer.iPhone\RingtoneComposer.iPhone.csproj", "{624A779E-A743-407F-97C1-BB934FD3B126}"
EndProject
Global
	GlobalSection(SolutionConfigurationPlatforms) = preSolution
		Ad-Hoc|Any CPU = Ad-Hoc|Any CPU
		Ad-Hoc|ARM = Ad-Hoc|ARM
		Ad-Hoc|iPhone = Ad-Hoc|iPhone
		Ad-Hoc|iPhoneSimulator = Ad-Hoc|iPhoneSimulator
		Ad-Hoc|Mixed Platforms = Ad-Hoc|Mixed Platforms
		Ad-Hoc|x86 = Ad-Hoc|x86
		AppStore|Any CPU = AppStore|Any CPU
		AppStore|ARM = AppStore|ARM
		AppStore|iPhone = AppStore|iPhone
		AppStore|iPhoneSimulator = AppStore|iPhoneSimulator
		AppStore|Mixed Platforms = AppStore|Mixed Platforms
		AppStore|x86 = AppStore|x86
		Debug|Any CPU = Debug|Any CPU
		Debug|ARM = Debug|ARM
		Debug|iPhone = Debug|iPhone
		Debug|iPhoneSimulator = Debug|iPhoneSimulator
		Debug|Mixed Platforms = Debug|Mixed Platforms
		Debug|x86 = Debug|x86
		Release|Any CPU = Release|Any CPU
		Release|ARM = Release|ARM
		Release|iPhone = Release|iPhone
		Release|iPhoneSimulator = Release|iPhoneSimulator
		Release|Mixed Platforms = Release|Mixed Platforms
		Release|x86 = Release|x86
	EndGlobalSection
	GlobalSection(ProjectConfigurationPlatforms) = postSolution
		{1F9D2BA9-2D3B-42C4-A71E-76DC769CBE81}.Ad-Hoc|Any CPU.ActiveCfg = Release|Any CPU
		{1F9D2BA9-2D3B-42C4-A71E-76DC769CBE81}.Ad-Hoc|Any CPU.Build.0 = Release|Any CPU
		{1F9D2BA9-2D3B-42C4-A71E-76DC769CBE81}.Ad-Hoc|ARM.ActiveCfg = Release|Any CPU
		{1F9D2BA9-2D3B-42C4-A71E-76DC769CBE81}.Ad-Hoc|iPhone.ActiveCfg = Release|Any CPU
		{1F9D2BA9-2D3B-42C4-A71E-76DC769CBE81}.Ad-Hoc|iPhoneSimulator.ActiveCfg = Release|Any CPU
		{1F9D2BA9-2D3B-42C4-A71E-76DC769CBE81}.Ad-Hoc|Mixed Platforms.ActiveCfg = Release|Any CPU
		{1F9D2BA9-2D3B-42C4-A71E-76DC769CBE81}.Ad-Hoc|Mixed Platforms.Build.0 = Release|Any CPU
		{1F9D2BA9-2D3B-42C4-A71E-76DC769CBE81}.Ad-Hoc|x86.ActiveCfg = Release|Any CPU
		{1F9D2BA9-2D3B-42C4-A71E-76DC769CBE81}.AppStore|Any CPU.ActiveCfg = Release|Any CPU
		{1F9D2BA9-2D3B-42C4-A71E-76DC769CBE81}.AppStore|Any CPU.Build.0 = Release|Any CPU
		{1F9D2BA9-2D3B-42C4-A71E-76DC769CBE81}.AppStore|ARM.ActiveCfg = Release|Any CPU
		{1F9D2BA9-2D3B-42C4-A71E-76DC769CBE81}.AppStore|iPhone.ActiveCfg = Release|Any CPU
		{1F9D2BA9-2D3B-42C4-A71E-76DC769CBE81}.AppStore|iPhoneSimulator.ActiveCfg = Release|Any CPU
		{1F9D2BA9-2D3B-42C4-A71E-76DC769CBE81}.AppStore|Mixed Platforms.ActiveCfg = Release|Any CPU
		{1F9D2BA9-2D3B-42C4-A71E-76DC769CBE81}.AppStore|Mixed Platforms.Build.0 = Release|Any CPU
		{1F9D2BA9-2D3B-42C4-A71E-76DC769CBE81}.AppStore|x86.ActiveCfg = Release|Any CPU
		{1F9D2BA9-2D3B-42C4-A71E-76DC769CBE81}.Debug|Any CPU.ActiveCfg = Debug|Any CPU
		{1F9D2BA9-2D3B-42C4-A71E-76DC769CBE81}.Debug|Any CPU.Build.0 = Debug|Any CPU
		{1F9D2BA9-2D3B-42C4-A71E-76DC769CBE81}.Debug|ARM.ActiveCfg = Debug|Any CPU
		{1F9D2BA9-2D3B-42C4-A71E-76DC769CBE81}.Debug|iPhone.ActiveCfg = Debug|Any CPU
		{1F9D2BA9-2D3B-42C4-A71E-76DC769CBE81}.Debug|iPhoneSimulator.ActiveCfg = Debug|Any CPU
		{1F9D2BA9-2D3B-42C4-A71E-76DC769CBE81}.Debug|Mixed Platforms.ActiveCfg = Debug|Any CPU
		{1F9D2BA9-2D3B-42C4-A71E-76DC769CBE81}.Debug|Mixed Platforms.Build.0 = Debug|Any CPU
		{1F9D2BA9-2D3B-42C4-A71E-76DC769CBE81}.Debug|x86.ActiveCfg = Debug|Any CPU
		{1F9D2BA9-2D3B-42C4-A71E-76DC769CBE81}.Release|Any CPU.ActiveCfg = Release|Any CPU
		{1F9D2BA9-2D3B-42C4-A71E-76DC769CBE81}.Release|Any CPU.Build.0 = Release|Any CPU
		{1F9D2BA9-2D3B-42C4-A71E-76DC769CBE81}.Release|ARM.ActiveCfg = Release|Any CPU
		{1F9D2BA9-2D3B-42C4-A71E-76DC769CBE81}.Release|iPhone.ActiveCfg = Release|Any CPU
		{1F9D2BA9-2D3B-42C4-A71E-76DC769CBE81}.Release|iPhoneSimulator.ActiveCfg = Release|Any CPU
		{1F9D2BA9-2D3B-42C4-A71E-76DC769CBE81}.Release|Mixed Platforms.ActiveCfg = Release|Any CPU
		{1F9D2BA9-2D3B-42C4-A71E-76DC769CBE81}.Release|Mixed Platforms.Build.0 = Release|Any CPU
		{1F9D2BA9-2D3B-42C4-A71E-76DC769CBE81}.Release|x86.ActiveCfg = Release|Any CPU
		{9F635F1F-83CB-4FEA-A9EF-822700E12E33}.Ad-Hoc|Any CPU.ActiveCfg = Release|Any CPU
		{9F635F1F-83CB-4FEA-A9EF-822700E12E33}.Ad-Hoc|Any CPU.Build.0 = Release|Any CPU
		{9F635F1F-83CB-4FEA-A9EF-822700E12E33}.Ad-Hoc|ARM.ActiveCfg = Release|Any CPU
		{9F635F1F-83CB-4FEA-A9EF-822700E12E33}.Ad-Hoc|iPhone.ActiveCfg = Release|Any CPU
		{9F635F1F-83CB-4FEA-A9EF-822700E12E33}.Ad-Hoc|iPhoneSimulator.ActiveCfg = Release|Any CPU
		{9F635F1F-83CB-4FEA-A9EF-822700E12E33}.Ad-Hoc|Mixed Platforms.ActiveCfg = Release|Any CPU
		{9F635F1F-83CB-4FEA-A9EF-822700E12E33}.Ad-Hoc|Mixed Platforms.Build.0 = Release|Any CPU
		{9F635F1F-83CB-4FEA-A9EF-822700E12E33}.Ad-Hoc|x86.ActiveCfg = Release|Any CPU
		{9F635F1F-83CB-4FEA-A9EF-822700E12E33}.AppStore|Any CPU.ActiveCfg = Release|Any CPU
		{9F635F1F-83CB-4FEA-A9EF-822700E12E33}.AppStore|Any CPU.Build.0 = Release|Any CPU
		{9F635F1F-83CB-4FEA-A9EF-822700E12E33}.AppStore|ARM.ActiveCfg = Release|Any CPU
		{9F635F1F-83CB-4FEA-A9EF-822700E12E33}.AppStore|iPhone.ActiveCfg = Release|Any CPU
		{9F635F1F-83CB-4FEA-A9EF-822700E12E33}.AppStore|iPhoneSimulator.ActiveCfg = Release|Any CPU
		{9F635F1F-83CB-4FEA-A9EF-822700E12E33}.AppStore|Mixed Platforms.ActiveCfg = Release|Any CPU
		{9F635F1F-83CB-4FEA-A9EF-822700E12E33}.AppStore|Mixed Platforms.Build.0 = Release|Any CPU
		{9F635F1F-83CB-4FEA-A9EF-822700E12E33}.AppStore|x86.ActiveCfg = Release|Any CPU
		{9F635F1F-83CB-4FEA-A9EF-822700E12E33}.Debug|Any CPU.ActiveCfg = Debug|Any CPU
		{9F635F1F-83CB-4FEA-A9EF-822700E12E33}.Debug|Any CPU.Build.0 = Debug|Any CPU
		{9F635F1F-83CB-4FEA-A9EF-822700E12E33}.Debug|ARM.ActiveCfg = Debug|Any CPU
		{9F635F1F-83CB-4FEA-A9EF-822700E12E33}.Debug|iPhone.ActiveCfg = Debug|Any CPU
		{9F635F1F-83CB-4FEA-A9EF-822700E12E33}.Debug|iPhoneSimulator.ActiveCfg = Debug|Any CPU
		{9F635F1F-83CB-4FEA-A9EF-822700E12E33}.Debug|Mixed Platforms.ActiveCfg = Debug|Any CPU
		{9F635F1F-83CB-4FEA-A9EF-822700E12E33}.Debug|Mixed Platforms.Build.0 = Debug|Any CPU
		{9F635F1F-83CB-4FEA-A9EF-822700E12E33}.Debug|x86.ActiveCfg = Debug|Any CPU
		{9F635F1F-83CB-4FEA-A9EF-822700E12E33}.Release|Any CPU.ActiveCfg = Release|Any CPU
		{9F635F1F-83CB-4FEA-A9EF-822700E12E33}.Release|Any CPU.Build.0 = Release|Any CPU
		{9F635F1F-83CB-4FEA-A9EF-822700E12E33}.Release|ARM.ActiveCfg = Release|Any CPU
		{9F635F1F-83CB-4FEA-A9EF-822700E12E33}.Release|iPhone.ActiveCfg = Release|Any CPU
		{9F635F1F-83CB-4FEA-A9EF-822700E12E33}.Release|iPhoneSimulator.ActiveCfg = Release|Any CPU
		{9F635F1F-83CB-4FEA-A9EF-822700E12E33}.Release|Mixed Platforms.ActiveCfg = Release|Any CPU
		{9F635F1F-83CB-4FEA-A9EF-822700E12E33}.Release|Mixed Platforms.Build.0 = Release|Any CPU
		{9F635F1F-83CB-4FEA-A9EF-822700E12E33}.Release|x86.ActiveCfg = Release|Any CPU
		{9036EBB6-5325-4A46-880A-5C8C1460FBB8}.Ad-Hoc|Any CPU.ActiveCfg = Release|Any CPU
		{9036EBB6-5325-4A46-880A-5C8C1460FBB8}.Ad-Hoc|ARM.ActiveCfg = Release|Any CPU
		{9036EBB6-5325-4A46-880A-5C8C1460FBB8}.Ad-Hoc|iPhone.ActiveCfg = Release|Any CPU
		{9036EBB6-5325-4A46-880A-5C8C1460FBB8}.Ad-Hoc|iPhoneSimulator.ActiveCfg = Release|Any CPU
		{9036EBB6-5325-4A46-880A-5C8C1460FBB8}.Ad-Hoc|Mixed Platforms.ActiveCfg = Release|Any CPU
		{9036EBB6-5325-4A46-880A-5C8C1460FBB8}.Ad-Hoc|x86.ActiveCfg = Release|Any CPU
		{9036EBB6-5325-4A46-880A-5C8C1460FBB8}.AppStore|Any CPU.ActiveCfg = Release|Any CPU
		{9036EBB6-5325-4A46-880A-5C8C1460FBB8}.AppStore|ARM.ActiveCfg = Release|Any CPU
		{9036EBB6-5325-4A46-880A-5C8C1460FBB8}.AppStore|iPhone.ActiveCfg = Release|Any CPU
		{9036EBB6-5325-4A46-880A-5C8C1460FBB8}.AppStore|iPhoneSimulator.ActiveCfg = Release|Any CPU
		{9036EBB6-5325-4A46-880A-5C8C1460FBB8}.AppStore|Mixed Platforms.ActiveCfg = Release|Any CPU
		{9036EBB6-5325-4A46-880A-5C8C1460FBB8}.AppStore|x86.ActiveCfg = Release|Any CPU
		{9036EBB6-5325-4A46-880A-5C8C1460FBB8}.Debug|Any CPU.ActiveCfg = Debug|Any CPU
		{9036EBB6-5325-4A46-880A-5C8C1460FBB8}.Debug|Any CPU.Build.0 = Debug|Any CPU
		{9036EBB6-5325-4A46-880A-5C8C1460FBB8}.Debug|Any CPU.Deploy.0 = Debug|Any CPU
		{9036EBB6-5325-4A46-880A-5C8C1460FBB8}.Debug|ARM.ActiveCfg = Debug|Any CPU
		{9036EBB6-5325-4A46-880A-5C8C1460FBB8}.Debug|iPhone.ActiveCfg = Debug|Any CPU
		{9036EBB6-5325-4A46-880A-5C8C1460FBB8}.Debug|iPhoneSimulator.ActiveCfg = Debug|Any CPU
		{9036EBB6-5325-4A46-880A-5C8C1460FBB8}.Debug|Mixed Platforms.ActiveCfg = Debug|Any CPU
		{9036EBB6-5325-4A46-880A-5C8C1460FBB8}.Debug|x86.ActiveCfg = Debug|Any CPU
		{9036EBB6-5325-4A46-880A-5C8C1460FBB8}.Release|Any CPU.ActiveCfg = Release|Any CPU
		{9036EBB6-5325-4A46-880A-5C8C1460FBB8}.Release|Any CPU.Build.0 = Release|Any CPU
		{9036EBB6-5325-4A46-880A-5C8C1460FBB8}.Release|Any CPU.Deploy.0 = Release|Any CPU
		{9036EBB6-5325-4A46-880A-5C8C1460FBB8}.Release|ARM.ActiveCfg = Release|Any CPU
		{9036EBB6-5325-4A46-880A-5C8C1460FBB8}.Release|iPhone.ActiveCfg = Release|Any CPU
		{9036EBB6-5325-4A46-880A-5C8C1460FBB8}.Release|iPhoneSimulator.ActiveCfg = Release|Any CPU
		{9036EBB6-5325-4A46-880A-5C8C1460FBB8}.Release|Mixed Platforms.ActiveCfg = Release|Any CPU
		{9036EBB6-5325-4A46-880A-5C8C1460FBB8}.Release|x86.ActiveCfg = Release|Any CPU
		{661BACC6-CC94-47E1-99FB-2D89F8BB4258}.Ad-Hoc|Any CPU.ActiveCfg = Release|Any CPU
		{661BACC6-CC94-47E1-99FB-2D89F8BB4258}.Ad-Hoc|Any CPU.Build.0 = Release|Any CPU
		{661BACC6-CC94-47E1-99FB-2D89F8BB4258}.Ad-Hoc|Any CPU.Deploy.0 = Release|Any CPU
		{661BACC6-CC94-47E1-99FB-2D89F8BB4258}.Ad-Hoc|ARM.ActiveCfg = Release|ARM
		{661BACC6-CC94-47E1-99FB-2D89F8BB4258}.Ad-Hoc|ARM.Build.0 = Release|ARM
		{661BACC6-CC94-47E1-99FB-2D89F8BB4258}.Ad-Hoc|ARM.Deploy.0 = Release|ARM
		{661BACC6-CC94-47E1-99FB-2D89F8BB4258}.Ad-Hoc|iPhone.ActiveCfg = Release|Any CPU
		{661BACC6-CC94-47E1-99FB-2D89F8BB4258}.Ad-Hoc|iPhoneSimulator.ActiveCfg = Release|Any CPU
		{661BACC6-CC94-47E1-99FB-2D89F8BB4258}.Ad-Hoc|Mixed Platforms.ActiveCfg = Release|x86
		{661BACC6-CC94-47E1-99FB-2D89F8BB4258}.Ad-Hoc|Mixed Platforms.Build.0 = Release|x86
		{661BACC6-CC94-47E1-99FB-2D89F8BB4258}.Ad-Hoc|Mixed Platforms.Deploy.0 = Release|x86
		{661BACC6-CC94-47E1-99FB-2D89F8BB4258}.Ad-Hoc|x86.ActiveCfg = Release|x86
		{661BACC6-CC94-47E1-99FB-2D89F8BB4258}.Ad-Hoc|x86.Build.0 = Release|x86
		{661BACC6-CC94-47E1-99FB-2D89F8BB4258}.Ad-Hoc|x86.Deploy.0 = Release|x86
		{661BACC6-CC94-47E1-99FB-2D89F8BB4258}.AppStore|Any CPU.ActiveCfg = Release|Any CPU
		{661BACC6-CC94-47E1-99FB-2D89F8BB4258}.AppStore|Any CPU.Build.0 = Release|Any CPU
		{661BACC6-CC94-47E1-99FB-2D89F8BB4258}.AppStore|Any CPU.Deploy.0 = Release|Any CPU
		{661BACC6-CC94-47E1-99FB-2D89F8BB4258}.AppStore|ARM.ActiveCfg = Release|ARM
		{661BACC6-CC94-47E1-99FB-2D89F8BB4258}.AppStore|ARM.Build.0 = Release|ARM
		{661BACC6-CC94-47E1-99FB-2D89F8BB4258}.AppStore|ARM.Deploy.0 = Release|ARM
		{661BACC6-CC94-47E1-99FB-2D89F8BB4258}.AppStore|iPhone.ActiveCfg = Release|Any CPU
		{661BACC6-CC94-47E1-99FB-2D89F8BB4258}.AppStore|iPhoneSimulator.ActiveCfg = Release|Any CPU
		{661BACC6-CC94-47E1-99FB-2D89F8BB4258}.AppStore|Mixed Platforms.ActiveCfg = Release|x86
		{661BACC6-CC94-47E1-99FB-2D89F8BB4258}.AppStore|Mixed Platforms.Build.0 = Release|x86
		{661BACC6-CC94-47E1-99FB-2D89F8BB4258}.AppStore|Mixed Platforms.Deploy.0 = Release|x86
		{661BACC6-CC94-47E1-99FB-2D89F8BB4258}.AppStore|x86.ActiveCfg = Release|x86
		{661BACC6-CC94-47E1-99FB-2D89F8BB4258}.AppStore|x86.Build.0 = Release|x86
		{661BACC6-CC94-47E1-99FB-2D89F8BB4258}.AppStore|x86.Deploy.0 = Release|x86
		{661BACC6-CC94-47E1-99FB-2D89F8BB4258}.Debug|Any CPU.ActiveCfg = Debug|Any CPU
		{661BACC6-CC94-47E1-99FB-2D89F8BB4258}.Debug|Any CPU.Build.0 = Debug|Any CPU
		{661BACC6-CC94-47E1-99FB-2D89F8BB4258}.Debug|Any CPU.Deploy.0 = Debug|Any CPU
		{661BACC6-CC94-47E1-99FB-2D89F8BB4258}.Debug|ARM.ActiveCfg = Debug|ARM
		{661BACC6-CC94-47E1-99FB-2D89F8BB4258}.Debug|ARM.Build.0 = Debug|ARM
		{661BACC6-CC94-47E1-99FB-2D89F8BB4258}.Debug|ARM.Deploy.0 = Debug|ARM
		{661BACC6-CC94-47E1-99FB-2D89F8BB4258}.Debug|iPhone.ActiveCfg = Debug|Any CPU
		{661BACC6-CC94-47E1-99FB-2D89F8BB4258}.Debug|iPhoneSimulator.ActiveCfg = Debug|Any CPU
		{661BACC6-CC94-47E1-99FB-2D89F8BB4258}.Debug|Mixed Platforms.ActiveCfg = Debug|x86
		{661BACC6-CC94-47E1-99FB-2D89F8BB4258}.Debug|Mixed Platforms.Build.0 = Debug|x86
		{661BACC6-CC94-47E1-99FB-2D89F8BB4258}.Debug|Mixed Platforms.Deploy.0 = Debug|x86
		{661BACC6-CC94-47E1-99FB-2D89F8BB4258}.Debug|x86.ActiveCfg = Debug|x86
		{661BACC6-CC94-47E1-99FB-2D89F8BB4258}.Debug|x86.Build.0 = Debug|x86
		{661BACC6-CC94-47E1-99FB-2D89F8BB4258}.Debug|x86.Deploy.0 = Debug|x86
		{661BACC6-CC94-47E1-99FB-2D89F8BB4258}.Release|Any CPU.ActiveCfg = Release|Any CPU
		{661BACC6-CC94-47E1-99FB-2D89F8BB4258}.Release|Any CPU.Build.0 = Release|Any CPU
		{661BACC6-CC94-47E1-99FB-2D89F8BB4258}.Release|Any CPU.Deploy.0 = Release|Any CPU
		{661BACC6-CC94-47E1-99FB-2D89F8BB4258}.Release|ARM.ActiveCfg = Release|ARM
		{661BACC6-CC94-47E1-99FB-2D89F8BB4258}.Release|ARM.Build.0 = Release|ARM
		{661BACC6-CC94-47E1-99FB-2D89F8BB4258}.Release|ARM.Deploy.0 = Release|ARM
		{661BACC6-CC94-47E1-99FB-2D89F8BB4258}.Release|iPhone.ActiveCfg = Release|Any CPU
		{661BACC6-CC94-47E1-99FB-2D89F8BB4258}.Release|iPhoneSimulator.ActiveCfg = Release|Any CPU
		{661BACC6-CC94-47E1-99FB-2D89F8BB4258}.Release|Mixed Platforms.ActiveCfg = Release|x86
		{661BACC6-CC94-47E1-99FB-2D89F8BB4258}.Release|Mixed Platforms.Build.0 = Release|x86
		{661BACC6-CC94-47E1-99FB-2D89F8BB4258}.Release|Mixed Platforms.Deploy.0 = Release|x86
		{661BACC6-CC94-47E1-99FB-2D89F8BB4258}.Release|x86.ActiveCfg = Release|x86
		{661BACC6-CC94-47E1-99FB-2D89F8BB4258}.Release|x86.Build.0 = Release|x86
		{661BACC6-CC94-47E1-99FB-2D89F8BB4258}.Release|x86.Deploy.0 = Release|x86
		{D900B394-D769-4B61-96A2-AFA982D9F153}.Ad-Hoc|Any CPU.ActiveCfg = Release|Any CPU
		{D900B394-D769-4B61-96A2-AFA982D9F153}.Ad-Hoc|Any CPU.Build.0 = Release|Any CPU
		{D900B394-D769-4B61-96A2-AFA982D9F153}.Ad-Hoc|ARM.ActiveCfg = Release|Any CPU
		{D900B394-D769-4B61-96A2-AFA982D9F153}.Ad-Hoc|iPhone.ActiveCfg = Release|Any CPU
		{D900B394-D769-4B61-96A2-AFA982D9F153}.Ad-Hoc|iPhoneSimulator.ActiveCfg = Release|Any CPU
		{D900B394-D769-4B61-96A2-AFA982D9F153}.Ad-Hoc|Mixed Platforms.ActiveCfg = Release|Any CPU
		{D900B394-D769-4B61-96A2-AFA982D9F153}.Ad-Hoc|Mixed Platforms.Build.0 = Release|Any CPU
		{D900B394-D769-4B61-96A2-AFA982D9F153}.Ad-Hoc|x86.ActiveCfg = Release|Any CPU
		{D900B394-D769-4B61-96A2-AFA982D9F153}.AppStore|Any CPU.ActiveCfg = Release|Any CPU
		{D900B394-D769-4B61-96A2-AFA982D9F153}.AppStore|Any CPU.Build.0 = Release|Any CPU
		{D900B394-D769-4B61-96A2-AFA982D9F153}.AppStore|ARM.ActiveCfg = Release|Any CPU
		{D900B394-D769-4B61-96A2-AFA982D9F153}.AppStore|iPhone.ActiveCfg = Release|Any CPU
		{D900B394-D769-4B61-96A2-AFA982D9F153}.AppStore|iPhoneSimulator.ActiveCfg = Release|Any CPU
		{D900B394-D769-4B61-96A2-AFA982D9F153}.AppStore|Mixed Platforms.ActiveCfg = Release|Any CPU
		{D900B394-D769-4B61-96A2-AFA982D9F153}.AppStore|Mixed Platforms.Build.0 = Release|Any CPU
		{D900B394-D769-4B61-96A2-AFA982D9F153}.AppStore|x86.ActiveCfg = Release|Any CPU
		{D900B394-D769-4B61-96A2-AFA982D9F153}.Debug|Any CPU.ActiveCfg = Debug|Any CPU
		{D900B394-D769-4B61-96A2-AFA982D9F153}.Debug|Any CPU.Build.0 = Debug|Any CPU
		{D900B394-D769-4B61-96A2-AFA982D9F153}.Debug|ARM.ActiveCfg = Debug|Any CPU
		{D900B394-D769-4B61-96A2-AFA982D9F153}.Debug|iPhone.ActiveCfg = Debug|Any CPU
		{D900B394-D769-4B61-96A2-AFA982D9F153}.Debug|iPhoneSimulator.ActiveCfg = Debug|Any CPU
		{D900B394-D769-4B61-96A2-AFA982D9F153}.Debug|Mixed Platforms.ActiveCfg = Debug|Any CPU
		{D900B394-D769-4B61-96A2-AFA982D9F153}.Debug|Mixed Platforms.Build.0 = Debug|Any CPU
		{D900B394-D769-4B61-96A2-AFA982D9F153}.Debug|x86.ActiveCfg = Debug|Any CPU
		{D900B394-D769-4B61-96A2-AFA982D9F153}.Release|Any CPU.ActiveCfg = Release|Any CPU
		{D900B394-D769-4B61-96A2-AFA982D9F153}.Release|Any CPU.Build.0 = Release|Any CPU
		{D900B394-D769-4B61-96A2-AFA982D9F153}.Release|ARM.ActiveCfg = Release|Any CPU
		{D900B394-D769-4B61-96A2-AFA982D9F153}.Release|iPhone.ActiveCfg = Release|Any CPU
		{D900B394-D769-4B61-96A2-AFA982D9F153}.Release|iPhoneSimulator.ActiveCfg = Release|Any CPU
		{D900B394-D769-4B61-96A2-AFA982D9F153}.Release|Mixed Platforms.ActiveCfg = Release|Any CPU
		{D900B394-D769-4B61-96A2-AFA982D9F153}.Release|Mixed Platforms.Build.0 = Release|Any CPU
		{D900B394-D769-4B61-96A2-AFA982D9F153}.Release|x86.ActiveCfg = Release|Any CPU
		{624A779E-A743-407F-97C1-BB934FD3B126}.Ad-Hoc|Any CPU.ActiveCfg = Ad-Hoc|iPhone
		{624A779E-A743-407F-97C1-BB934FD3B126}.Ad-Hoc|ARM.ActiveCfg = Ad-Hoc|iPhone
		{624A779E-A743-407F-97C1-BB934FD3B126}.Ad-Hoc|iPhone.ActiveCfg = Ad-Hoc|iPhone
		{624A779E-A743-407F-97C1-BB934FD3B126}.Ad-Hoc|iPhone.Build.0 = Ad-Hoc|iPhone
		{624A779E-A743-407F-97C1-BB934FD3B126}.Ad-Hoc|iPhone.Deploy.0 = Ad-Hoc|iPhone
		{624A779E-A743-407F-97C1-BB934FD3B126}.Ad-Hoc|iPhoneSimulator.ActiveCfg = Ad-Hoc|iPhoneSimulator
		{624A779E-A743-407F-97C1-BB934FD3B126}.Ad-Hoc|iPhoneSimulator.Build.0 = Ad-Hoc|iPhoneSimulator
		{624A779E-A743-407F-97C1-BB934FD3B126}.Ad-Hoc|iPhoneSimulator.Deploy.0 = Ad-Hoc|iPhoneSimulator
		{624A779E-A743-407F-97C1-BB934FD3B126}.Ad-Hoc|Mixed Platforms.ActiveCfg = Ad-Hoc|iPhone
		{624A779E-A743-407F-97C1-BB934FD3B126}.Ad-Hoc|Mixed Platforms.Build.0 = Ad-Hoc|iPhone
		{624A779E-A743-407F-97C1-BB934FD3B126}.Ad-Hoc|Mixed Platforms.Deploy.0 = Ad-Hoc|iPhone
		{624A779E-A743-407F-97C1-BB934FD3B126}.Ad-Hoc|x86.ActiveCfg = Ad-Hoc|iPhone
		{624A779E-A743-407F-97C1-BB934FD3B126}.AppStore|Any CPU.ActiveCfg = AppStore|iPhone
		{624A779E-A743-407F-97C1-BB934FD3B126}.AppStore|ARM.ActiveCfg = AppStore|iPhone
		{624A779E-A743-407F-97C1-BB934FD3B126}.AppStore|iPhone.ActiveCfg = AppStore|iPhone
		{624A779E-A743-407F-97C1-BB934FD3B126}.AppStore|iPhone.Build.0 = AppStore|iPhone
		{624A779E-A743-407F-97C1-BB934FD3B126}.AppStore|iPhone.Deploy.0 = AppStore|iPhone
		{624A779E-A743-407F-97C1-BB934FD3B126}.AppStore|iPhoneSimulator.ActiveCfg = AppStore|iPhoneSimulator
		{624A779E-A743-407F-97C1-BB934FD3B126}.AppStore|iPhoneSimulator.Build.0 = AppStore|iPhoneSimulator
		{624A779E-A743-407F-97C1-BB934FD3B126}.AppStore|iPhoneSimulator.Deploy.0 = AppStore|iPhoneSimulator
		{624A779E-A743-407F-97C1-BB934FD3B126}.AppStore|Mixed Platforms.ActiveCfg = AppStore|iPhone
		{624A779E-A743-407F-97C1-BB934FD3B126}.AppStore|Mixed Platforms.Build.0 = AppStore|iPhone
		{624A779E-A743-407F-97C1-BB934FD3B126}.AppStore|Mixed Platforms.Deploy.0 = AppStore|iPhone
		{624A779E-A743-407F-97C1-BB934FD3B126}.AppStore|x86.ActiveCfg = AppStore|iPhone
		{624A779E-A743-407F-97C1-BB934FD3B126}.Debug|Any CPU.ActiveCfg = Debug|iPhone
		{624A779E-A743-407F-97C1-BB934FD3B126}.Debug|ARM.ActiveCfg = Debug|iPhone
		{624A779E-A743-407F-97C1-BB934FD3B126}.Debug|iPhone.ActiveCfg = Debug|iPhone
		{624A779E-A743-407F-97C1-BB934FD3B126}.Debug|iPhone.Build.0 = Debug|iPhone
		{624A779E-A743-407F-97C1-BB934FD3B126}.Debug|iPhone.Deploy.0 = Debug|iPhone
		{624A779E-A743-407F-97C1-BB934FD3B126}.Debug|iPhoneSimulator.ActiveCfg = Debug|iPhoneSimulator
		{624A779E-A743-407F-97C1-BB934FD3B126}.Debug|iPhoneSimulator.Build.0 = Debug|iPhoneSimulator
		{624A779E-A743-407F-97C1-BB934FD3B126}.Debug|iPhoneSimulator.Deploy.0 = Debug|iPhoneSimulator
		{624A779E-A743-407F-97C1-BB934FD3B126}.Debug|Mixed Platforms.ActiveCfg = Debug|iPhone
		{624A779E-A743-407F-97C1-BB934FD3B126}.Debug|Mixed Platforms.Build.0 = Debug|iPhone
		{624A779E-A743-407F-97C1-BB934FD3B126}.Debug|Mixed Platforms.Deploy.0 = Debug|iPhone
		{624A779E-A743-407F-97C1-BB934FD3B126}.Debug|x86.ActiveCfg = Debug|iPhone
		{624A779E-A743-407F-97C1-BB934FD3B126}.Release|Any CPU.ActiveCfg = Release|iPhone
		{624A779E-A743-407F-97C1-BB934FD3B126}.Release|ARM.ActiveCfg = Release|iPhone
		{624A779E-A743-407F-97C1-BB934FD3B126}.Release|iPhone.ActiveCfg = Release|iPhone
		{624A779E-A743-407F-97C1-BB934FD3B126}.Release|iPhone.Build.0 = Release|iPhone
		{624A779E-A743-407F-97C1-BB934FD3B126}.Release|iPhone.Deploy.0 = Release|iPhone
		{624A779E-A743-407F-97C1-BB934FD3B126}.Release|iPhoneSimulator.ActiveCfg = Release|iPhoneSimulator
		{624A779E-A743-407F-97C1-BB934FD3B126}.Release|iPhoneSimulator.Build.0 = Release|iPhoneSimulator
		{624A779E-A743-407F-97C1-BB934FD3B126}.Release|iPhoneSimulator.Deploy.0 = Release|iPhoneSimulator
		{624A779E-A743-407F-97C1-BB934FD3B126}.Release|Mixed Platforms.ActiveCfg = Release|iPhone
		{624A779E-A743-407F-97C1-BB934FD3B126}.Release|Mixed Platforms.Build.0 = Release|iPhone
		{624A779E-A743-407F-97C1-BB934FD3B126}.Release|Mixed Platforms.Deploy.0 = Release|iPhone
		{624A779E-A743-407F-97C1-BB934FD3B126}.Release|x86.ActiveCfg = Release|iPhone
	EndGlobalSection
	GlobalSection(SolutionProperties) = preSolution
		HideSolutionNode = FALSE
	EndGlobalSection
EndGlobal
